
Microsoft Visual Studio Solution File, Format Version 12.00
# Visual Studio Version 16
VisualStudioVersion = 16.0.30225.117
MinimumVisualStudioVersion = 10.0.40219.1
Project("{FAE04EC0-301F-11D3-BF4B-00C04F79EFBC}") = "Lab_16.1_Client-Side Validation", "Lab_16.1_Client-Side Validation\Lab_16.1_Client-Side Validation.csproj", "{ED802BD8-06F4-423B-87EA-74B3501CDEC8}"
EndProject
Global
	GlobalSection(SolutionConfigurationPlatforms) = preSolution
		Debug|Any CPU = Debug|Any CPU
		Release|Any CPU = Release|Any CPU
	EndGlobalSection
	GlobalSection(ProjectConfigurationPlatforms) = postSolution
		{ED802BD8-06F4-423B-87EA-74B3501CDEC8}.Debug|Any CPU.ActiveCfg = Debug|Any CPU
		{ED802BD8-06F4-423B-87EA-74B3501CDEC8}.Debug|Any CPU.Build.0 = Debug|Any CPU
		{ED802BD8-06F4-423B-87EA-74B3501CDEC8}.Release|Any CPU.ActiveCfg = Release|Any CPU
		{ED802BD8-06F4-423B-87EA-74B3501CDEC8}.Release|Any CPU.Build.0 = Release|Any CPU
	EndGlobalSection
	GlobalSection(SolutionProperties) = preSolution
		HideSolutionNode = FALSE
	EndGlobalSection
	GlobalSection(ExtensibilityGlobals) = postSolution
		SolutionGuid = {492EC36A-04A1-4B64-A4C8-CA2730EE5083}
	EndGlobalSection
EndGlobal
